
Microsoft Visual Studio Solution File, Format Version 12.00
# Visual Studio Version 17
VisualStudioVersion = 17.14.36212.18 d17.14
MinimumVisualStudioVersion = 10.0.40219.1
Project("{FAE04EC0-301F-11D3-BF4B-00C04F79EFBC}") = "ECGPdfExtractor", "ECGPdfExtractor\ECGPdfExtractor.csproj", "{01778E6C-76DC-497D-8EBA-EC1F89E3FD54}"
EndProject
Global
	GlobalSection(SolutionConfigurationPlatforms) = preSolution
		Debug|Any CPU = Debug|Any CPU
		Release|Any CPU = Release|Any CPU
	EndGlobalSection
	GlobalSection(ProjectConfigurationPlatforms) = postSolution
		{01778E6C-76DC-497D-8EBA-EC1F89E3FD54}.Debug|Any CPU.ActiveCfg = Debug|Any CPU
		{01778E6C-76DC-497D-8EBA-EC1F89E3FD54}.Debug|Any CPU.Build.0 = Debug|Any CPU
		{01778E6C-76DC-497D-8EBA-EC1F89E3FD54}.Release|Any CPU.ActiveCfg = Release|Any CPU
		{01778E6C-76DC-497D-8EBA-EC1F89E3FD54}.Release|Any CPU.Build.0 = Release|Any CPU
	EndGlobalSection
	GlobalSection(SolutionProperties) = preSolution
		HideSolutionNode = FALSE
	EndGlobalSection
	GlobalSection(ExtensibilityGlobals) = postSolution
		SolutionGuid = {656DE1CF-4081-4D1E-AA01-D312F5D160EC}
	EndGlobalSection
EndGlobal
